// !$*UTF8*$!
{
	archiveVersion = 1;
	classes = {
	};
	objectVersion = 55;
	objects = {

/* Begin PBXBuildFile section */
		D95025C12789BB1B004F3418 /* SwiftUIView.swift in Sources */ = {isa = PBXBuildFile; fileRef = D95025C02789BB1B004F3418 /* SwiftUIView.swift */; };
		D95025C32789C257004F3418 /* UserDefaultsTutorial.swift in Sources */ = {isa = PBXBuildFile; fileRef = D95025C22789C257004F3418 /* UserDefaultsTutorial.swift */; };
		D95025C52789C67E004F3418 /* Archiving.swift in Sources */ = {isa = PBXBuildFile; fileRef = D95025C42789C67E004F3418 /* Archiving.swift */; };
		D95025C72789D6AE004F3418 /* iExpense.swift in Sources */ = {isa = PBXBuildFile; fileRef = D95025C62789D6AE004F3418 /* iExpense.swift */; };
		D95025C92789D6D1004F3418 /* ExpenseItem.swift in Sources */ = {isa = PBXBuildFile; fileRef = D95025C82789D6D1004F3418 /* ExpenseItem.swift */; };
		D95025CB2789D79C004F3418 /* Expenses.swift in Sources */ = {isa = PBXBuildFile; fileRef = D95025CA2789D79C004F3418 /* Expenses.swift */; };
		D95025CD2789E456004F3418 /* AddView.swift in Sources */ = {isa = PBXBuildFile; fileRef = D95025CC2789E456004F3418 /* AddView.swift */; };
		D9A82DCE2783B66C00BC6EE3 /* iExpenseApp.swift in Sources */ = {isa = PBXBuildFile; fileRef = D9A82DCD2783B66C00BC6EE3 /* iExpenseApp.swift */; };
		D9A82DD02783B66C00BC6EE3 /* ContentView.swift in Sources */ = {isa = PBXBuildFile; fileRef = D9A82DCF2783B66C00BC6EE3 /* ContentView.swift */; };
		D9A82DD22783B66E00BC6EE3 /* Assets.xcassets in Resources */ = {isa = PBXBuildFile; fileRef = D9A82DD12783B66E00BC6EE3 /* Assets.xcassets */; };
		D9A82DD52783B66E00BC6EE3 /* Preview Assets.xcassets in Resources */ = {isa = PBXBuildFile; fileRef = D9A82DD42783B66E00BC6EE3 /* Preview Assets.xcassets */; };
		D9A82DDF2783B66E00BC6EE3 /* iExpenseTests.swift in Sources */ = {isa = PBXBuildFile; fileRef = D9A82DDE2783B66E00BC6EE3 /* iExpenseTests.swift */; };
		D9A82DE92783B66E00BC6EE3 /* iExpenseUITests.swift in Sources */ = {isa = PBXBuildFile; fileRef = D9A82DE82783B66E00BC6EE3 /* iExpenseUITests.swift */; };
		D9A82DEB2783B66E00BC6EE3 /* iExpenseUITestsLaunchTests.swift in Sources */ = {isa = PBXBuildFile; fileRef = D9A82DEA2783B66E00BC6EE3 /* iExpenseUITestsLaunchTests.swift */; };
/* End PBXBuildFile section */

/* Begin PBXContainerItemProxy section */
		D9A82DDB2783B66E00BC6EE3 /* PBXContainerItemProxy */ = {
			isa = PBXContainerItemProxy;
			containerPortal = D9A82DC22783B66C00BC6EE3 /* Project object */;
			proxyType = 1;
			remoteGlobalIDString = D9A82DC92783B66C00BC6EE3;
			remoteInfo = iExpense;
		};
		D9A82DE52783B66E00BC6EE3 /* PBXContainerItemProxy */ = {
			isa = PBXContainerItemProxy;
			containerPortal = D9A82DC22783B66C00BC6EE3 /* Project object */;
			proxyType = 1;
			remoteGlobalIDString = D9A82DC92783B66C00BC6EE3;
			remoteInfo = iExpense;
		};
/* End PBXContainerItemProxy section */

/* Begin PBXFileReference section */
		D95025C02789BB1B004F3418 /* SwiftUIView.swift */ = {isa = PBXFileReference; lastKnownFileType = sourcecode.swift; path = SwiftUIView.swift; sourceTree = "<group>"; };
		D95025C22789C257004F3418 /* UserDefaultsTutorial.swift */ = {isa = PBXFileReference; lastKnownFileType = sourcecode.swift; path = UserDefaultsTutorial.swift; sourceTree = "<group>"; };
		D95025C42789C67E004F3418 /* Archiving.swift */ = {isa = PBXFileReference; lastKnownFileType = sourcecode.swift; path = Archiving.swift; sourceTree = "<group>"; };
		D95025C62789D6AE004F3418 /* iExpense.swift */ = {isa = PBXFileReference; lastKnownFileType = sourcecode.swift; path = iExpense.swift; sourceTree = "<group>"; };
		D95025C82789D6D1004F3418 /* ExpenseItem.swift */ = {isa = PBXFileReference; lastKnownFileType = sourcecode.swift; path = ExpenseItem.swift; sourceTree = "<group>"; };
		D95025CA2789D79C004F3418 /* Expenses.swift */ = {isa = PBXFileReference; lastKnownFileType = sourcecode.swift; path = Expenses.swift; sourceTree = "<group>"; };
		D95025CC2789E456004F3418 /* AddView.swift */ = {isa = PBXFileReference; lastKnownFileType = sourcecode.swift; path = AddView.swift; sourceTree = "<group>"; };
		D9A82DCA2783B66C00BC6EE3 /* iExpense.app */ = {isa = PBXFileReference; explicitFileType = wrapper.application; includeInIndex = 0; path = iExpense.app; sourceTree = BUILT_PRODUCTS_DIR; };
		D9A82DCD2783B66C00BC6EE3 /* iExpenseApp.swift */ = {isa = PBXFileReference; lastKnownFileType = sourcecode.swift; path = iExpenseApp.swift; sourceTree = "<group>"; };
		D9A82DCF2783B66C00BC6EE3 /* ContentView.swift */ = {isa = PBXFileReference; lastKnownFileType = sourcecode.swift; path = ContentView.swift; sourceTree = "<group>"; };
		D9A82DD12783B66E00BC6EE3 /* Assets.xcassets */ = {isa = PBXFileReference; lastKnownFileType = folder.assetcatalog; path = Assets.xcassets; sourceTree = "<group>"; };
		D9A82DD42783B66E00BC6EE3 /* Preview Assets.xcassets */ = {isa = PBXFileReference; lastKnownFileType = folder.assetcatalog; path = "Preview Assets.xcassets"; sourceTree = "<group>"; };
		D9A82DDA2783B66E00BC6EE3 /* iExpenseTests.xctest */ = {isa = PBXFileReference; explicitFileType = wrapper.cfbundle; includeInIndex = 0; path = iExpenseTests.xctest; sourceTree = BUILT_PRODUCTS_DIR; };
		D9A82DDE2783B66E00BC6EE3 /* iExpenseTests.swift */ = {isa = PBXFileReference; lastKnownFileType = sourcecode.swift; path = iExpenseTests.swift; sourceTree = "<group>"; };
		D9A82DE42783B66E00BC6EE3 /* iExpenseUITests.xctest */ = {isa = PBXFileReference; explicitFileType = wrapper.cfbundle; includeInIndex = 0; path = iExpenseUITests.xctest; sourceTree = BUILT_PRODUCTS_DIR; };
		D9A82DE82783B66E00BC6EE3 /* iExpenseUITests.swift */ = {isa = PBXFileReference; lastKnownFileType = sourcecode.swift; path = iExpenseUITests.swift; sourceTree = "<group>"; };
		D9A82DEA2783B66E00BC6EE3 /* iExpenseUITestsLaunchTests.swift */ = {isa = PBXFileReference; lastKnownFileType = sourcecode.swift; path = iExpenseUITestsLaunchTests.swift; sourceTree = "<group>"; };
/* End PBXFileReference section */

/* Begin PBXFrameworksBuildPhase section */
		D9A82DC72783B66C00BC6EE3 /* Frameworks */ = {
			isa = PBXFrameworksBuildPhase;
			buildActionMask = 2147483647;
			files = (
			);
			runOnlyForDeploymentPostprocessing = 0;
		};
		D9A82DD72783B66E00BC6EE3 /* Frameworks */ = {
			isa = PBXFrameworksBuildPhase;
			buildActionMask = 2147483647;
			files = (
			);
			runOnlyForDeploymentPostprocessing = 0;
		};
		D9A82DE12783B66E00BC6EE3 /* Frameworks */ = {
			isa = PBXFrameworksBuildPhase;
			buildActionMask = 2147483647;
			files = (
			);
			runOnlyForDeploymentPostprocessing = 0;
		};
/* End PBXFrameworksBuildPhase section */

/* Begin PBXGroup section */
		D9A82DC12783B66C00BC6EE3 = {
			isa = PBXGroup;
			children = (
				D9A82DCC2783B66C00BC6EE3 /* iExpense */,
				D9A82DDD2783B66E00BC6EE3 /* iExpenseTests */,
				D9A82DE72783B66E00BC6EE3 /* iExpenseUITests */,
				D9A82DCB2783B66C00BC6EE3 /* Products */,
			);
			sourceTree = "<group>";
		};
		D9A82DCB2783B66C00BC6EE3 /* Products */ = {
			isa = PBXGroup;
			children = (
				D9A82DCA2783B66C00BC6EE3 /* iExpense.app */,
				D9A82DDA2783B66E00BC6EE3 /* iExpenseTests.xctest */,
				D9A82DE42783B66E00BC6EE3 /* iExpenseUITests.xctest */,
			);
			name = Products;
			sourceTree = "<group>";
		};
		D9A82DCC2783B66C00BC6EE3 /* iExpense */ = {
			isa = PBXGroup;
			children = (
				D9A82DCD2783B66C00BC6EE3 /* iExpenseApp.swift */,
				D95025CA2789D79C004F3418 /* Expenses.swift */,
				D95025C82789D6D1004F3418 /* ExpenseItem.swift */,
				D95025C62789D6AE004F3418 /* iExpense.swift */,
				D95025CC2789E456004F3418 /* AddView.swift */,
				D9A82DCF2783B66C00BC6EE3 /* ContentView.swift */,
				D95025C42789C67E004F3418 /* Archiving.swift */,
				D95025C22789C257004F3418 /* UserDefaultsTutorial.swift */,
				D95025C02789BB1B004F3418 /* SwiftUIView.swift */,
				D9A82DD12783B66E00BC6EE3 /* Assets.xcassets */,
				D9A82DD32783B66E00BC6EE3 /* Preview Content */,
			);
			path = iExpense;
			sourceTree = "<group>";
		};
		D9A82DD32783B66E00BC6EE3 /* Preview Content */ = {
			isa = PBXGroup;
			children = (
				D9A82DD42783B66E00BC6EE3 /* Preview Assets.xcassets */,
			);
			path = "Preview Content";
			sourceTree = "<group>";
		};
		D9A82DDD2783B66E00BC6EE3 /* iExpenseTests */ = {
			isa = PBXGroup;
			children = (
				D9A82DDE2783B66E00BC6EE3 /* iExpenseTests.swift */,
			);
			path = iExpenseTests;
			sourceTree = "<group>";
		};
		D9A82DE72783B66E00BC6EE3 /* iExpenseUITests */ = {
			isa = PBXGroup;
			children = (
				D9A82DE82783B66E00BC6EE3 /* iExpenseUITests.swift */,
				D9A82DEA2783B66E00BC6EE3 /* iExpenseUITestsLaunchTests.swift */,
			);
			path = iExpenseUITests;
			sourceTree = "<group>";
		};
/* End PBXGroup section */

/* Begin PBXNativeTarget section */
		D9A82DC92783B66C00BC6EE3 /* iExpense */ = {
			isa = PBXNativeTarget;
			buildConfigurationList = D9A82DEE2783B66E00BC6EE3 /* Build configuration list for PBXNativeTarget "iExpense" */;
			buildPhases = (
				D9A82DC62783B66C00BC6EE3 /* Sources */,
				D9A82DC72783B66C00BC6EE3 /* Frameworks */,
				D9A82DC82783B66C00BC6EE3 /* Resources */,
			);
			buildRules = (
			);
			dependencies = (
			);
			name = iExpense;
			productName = iExpense;
			productReference = D9A82DCA2783B66C00BC6EE3 /* iExpense.app */;
			productType = "com.apple.product-type.application";
		};
		D9A82DD92783B66E00BC6EE3 /* iExpenseTests */ = {
			isa = PBXNativeTarget;
			buildConfigurationList = D9A82DF12783B66E00BC6EE3 /* Build configuration list for PBXNativeTarget "iExpenseTests" */;
			buildPhases = (
				D9A82DD62783B66E00BC6EE3 /* Sources */,
				D9A82DD72783B66E00BC6EE3 /* Frameworks */,
				D9A82DD82783B66E00BC6EE3 /* Resources */,
			);
			buildRules = (
			);
			dependencies = (
				D9A82DDC2783B66E00BC6EE3 /* PBXTargetDependency */,
			);
			name = iExpenseTests;
			productName = iExpenseTests;
			productReference = D9A82DDA2783B66E00BC6EE3 /* iExpenseTests.xctest */;
			productType = "com.apple.product-type.bundle.unit-test";
		};
		D9A82DE32783B66E00BC6EE3 /* iExpenseUITests */ = {
			isa = PBXNativeTarget;
			buildConfigurationList = D9A82DF42783B66E00BC6EE3 /* Build configuration list for PBXNativeTarget "iExpenseUITests" */;
			buildPhases = (
				D9A82DE02783B66E00BC6EE3 /* Sources */,
				D9A82DE12783B66E00BC6EE3 /* Frameworks */,
				D9A82DE22783B66E00BC6EE3 /* Resources */,
			);
			buildRules = (
			);
			dependencies = (
				D9A82DE62783B66E00BC6EE3 /* PBXTargetDependency */,
			);
			name = iExpenseUITests;
			productName = iExpenseUITests;
			productReference = D9A82DE42783B66E00BC6EE3 /* iExpenseUITests.xctest */;
			productType = "com.apple.product-type.bundle.ui-testing";
		};
/* End PBXNativeTarget section */

/* Begin PBXProject section */
		D9A82DC22783B66C00BC6EE3 /* Project object */ = {
			isa = PBXProject;
			attributes = {
				BuildIndependentTargetsInParallel = 1;
				LastSwiftUpdateCheck = 1320;
				LastUpgradeCheck = 1320;
				TargetAttributes = {
					D9A82DC92783B66C00BC6EE3 = {
						CreatedOnToolsVersion = 13.2.1;
					};
					D9A82DD92783B66E00BC6EE3 = {
						CreatedOnToolsVersion = 13.2.1;
						TestTargetID = D9A82DC92783B66C00BC6EE3;
					};
					D9A82DE32783B66E00BC6EE3 = {
						CreatedOnToolsVersion = 13.2.1;
						TestTargetID = D9A82DC92783B66C00BC6EE3;
					};
				};
			};
			buildConfigurationList = D9A82DC52783B66C00BC6EE3 /* Build configuration list for PBXProject "iExpense" */;
			compatibilityVersion = "Xcode 13.0";
			developmentRegion = en;
			hasScannedForEncodings = 0;
			knownRegions = (
				en,
				Base,
			);
			mainGroup = D9A82DC12783B66C00BC6EE3;
			productRefGroup = D9A82DCB2783B66C00BC6EE3 /* Products */;
			projectDirPath = "";
			projectRoot = "";
			targets = (
				D9A82DC92783B66C00BC6EE3 /* iExpense */,
				D9A82DD92783B66E00BC6EE3 /* iExpenseTests */,
				D9A82DE32783B66E00BC6EE3 /* iExpenseUITests */,
			);
		};
/* End PBXProject section */

/* Begin PBXResourcesBuildPhase section */
		D9A82DC82783B66C00BC6EE3 /* Resources */ = {
			isa = PBXResourcesBuildPhase;
			buildActionMask = 2147483647;
			files = (
				D9A82DD52783B66E00BC6EE3 /* Preview Assets.xcassets in Resources */,
				D9A82DD22783B66E00BC6EE3 /* Assets.xcassets in Resources */,
			);
			runOnlyForDeploymentPostprocessing = 0;
		};
		D9A82DD82783B66E00BC6EE3 /* Resources */ = {
			isa = PBXResourcesBuildPhase;
			buildActionMask = 2147483647;
			files = (
			);
			runOnlyForDeploymentPostprocessing = 0;
		};
		D9A82DE22783B66E00BC6EE3 /* Resources */ = {
			isa = PBXResourcesBuildPhase;
			buildActionMask = 2147483647;
			files = (
			);
			runOnlyForDeploymentPostprocessing = 0;
		};
/* End PBXResourcesBuildPhase section */

/* Begin PBXSourcesBuildPhase section */
		D9A82DC62783B66C00BC6EE3 /* Sources */ = {
			isa = PBXSourcesBuildPhase;
			buildActionMask = 2147483647;
			files = (
				D95025C92789D6D1004F3418 /* ExpenseItem.swift in Sources */,
				D95025C32789C257004F3418 /* UserDefaultsTutorial.swift in Sources */,
				D95025CD2789E456004F3418 /* AddView.swift in Sources */,
				D9A82DD02783B66C00BC6EE3 /* ContentView.swift in Sources */,
				D95025C72789D6AE004F3418 /* iExpense.swift in Sources */,
				D95025CB2789D79C004F3418 /* Expenses.swift in Sources */,
				D95025C52789C67E004F3418 /* Archiving.swift in Sources */,
				D9A82DCE2783B66C00BC6EE3 /* iExpenseApp.swift in Sources */,
				D95025C12789BB1B004F3418 /* SwiftUIView.swift in Sources */,
			);
			runOnlyForDeploymentPostprocessing = 0;
		};
		D9A82DD62783B66E00BC6EE3 /* Sources */ = {
			isa = PBXSourcesBuildPhase;
			buildActionMask = 2147483647;
			files = (
				D9A82DDF2783B66E00BC6EE3 /* iExpenseTests.swift in Sources */,
			);
			runOnlyForDeploymentPostprocessing = 0;
		};
		D9A82DE02783B66E00BC6EE3 /* Sources */ = {
			isa = PBXSourcesBuildPhase;
			buildActionMask = 2147483647;
			files = (
				D9A82DEB2783B66E00BC6EE3 /* iExpenseUITestsLaunchTests.swift in Sources */,
				D9A82DE92783B66E00BC6EE3 /* iExpenseUITests.swift in Sources */,
			);
			runOnlyForDeploymentPostprocessing = 0;
		};
/* End PBXSourcesBuildPhase section */

/* Begin PBXTargetDependency section */
		D9A82DDC2783B66E00BC6EE3 /* PBXTargetDependency */ = {
			isa = PBXTargetDependency;
			target = D9A82DC92783B66C00BC6EE3 /* iExpense */;
			targetProxy = D9A82DDB2783B66E00BC6EE3 /* PBXContainerItemProxy */;
		};
		D9A82DE62783B66E00BC6EE3 /* PBXTargetDependency */ = {
			isa = PBXTargetDependency;
			target = D9A82DC92783B66C00BC6EE3 /* iExpense */;
			targetProxy = D9A82DE52783B66E00BC6EE3 /* PBXContainerItemProxy */;
		};
/* End PBXTargetDependency section */

/* Begin XCBuildConfiguration section */
		D9A82DEC2783B66E00BC6EE3 /* Debug */ = {
			isa = XCBuildConfiguration;
			buildSettings = {
				ALWAYS_SEARCH_USER_PATHS = NO;
				CLANG_ANALYZER_NONNULL = YES;
				CLANG_ANALYZER_NUMBER_OBJECT_CONVERSION = YES_AGGRESSIVE;
				CLANG_CXX_LANGUAGE_STANDARD = "gnu++17";
				CLANG_CXX_LIBRARY = "libc++";
				CLANG_ENABLE_MODULES = YES;
				CLANG_ENABLE_OBJC_ARC = YES;
				CLANG_ENABLE_OBJC_WEAK = YES;
				CLANG_WARN_BLOCK_CAPTURE_AUTORELEASING = YES;
				CLANG_WARN_BOOL_CONVERSION = YES;
				CLANG_WARN_COMMA = YES;
				CLANG_WARN_CONSTANT_CONVERSION = YES;
				CLANG_WARN_DEPRECATED_OBJC_IMPLEMENTATIONS = YES;
				CLANG_WARN_DIRECT_OBJC_ISA_USAGE = YES_ERROR;
				CLANG_WARN_DOCUMENTATION_COMMENTS = YES;
				CLANG_WARN_EMPTY_BODY = YES;
				CLANG_WARN_ENUM_CONVERSION = YES;
				CLANG_WARN_INFINITE_RECURSION = YES;
				CLANG_WARN_INT_CONVERSION = YES;
				CLANG_WARN_NON_LITERAL_NULL_CONVERSION = YES;
				CLANG_WARN_OBJC_IMPLICIT_RETAIN_SELF = YES;
				CLANG_WARN_OBJC_LITERAL_CONVERSION = YES;
				CLANG_WARN_OBJC_ROOT_CLASS = YES_ERROR;
				CLANG_WARN_QUOTED_INCLUDE_IN_FRAMEWORK_HEADER = YES;
				CLANG_WARN_RANGE_LOOP_ANALYSIS = YES;
				CLANG_WARN_STRICT_PROTOTYPES = YES;
				CLANG_WARN_SUSPICIOUS_MOVE = YES;
				CLANG_WARN_UNGUARDED_AVAILABILITY = YES_AGGRESSIVE;
				CLANG_WARN_UNREACHABLE_CODE = YES;
				CLANG_WARN__DUPLICATE_METHOD_MATCH = YES;
				COPY_PHASE_STRIP = NO;
				DEBUG_INFORMATION_FORMAT = dwarf;
				ENABLE_STRICT_OBJC_MSGSEND = YES;
				ENABLE_TESTABILITY = YES;
				GCC_C_LANGUAGE_STANDARD = gnu11;
				GCC_DYNAMIC_NO_PIC = NO;
				GCC_NO_COMMON_BLOCKS = YES;
				GCC_OPTIMIZATION_LEVEL = 0;
				GCC_PREPROCESSOR_DEFINITIONS = (
					"DEBUG=1",
					"$(inherited)",
				);
				GCC_WARN_64_TO_32_BIT_CONVERSION = YES;
				GCC_WARN_ABOUT_RETURN_TYPE = YES_ERROR;
				GCC_WARN_UNDECLARED_SELECTOR = YES;
				GCC_WARN_UNINITIALIZED_AUTOS = YES_AGGRESSIVE;
				GCC_WARN_UNUSED_FUNCTION = YES;
				GCC_WARN_UNUSED_VARIABLE = YES;
				IPHONEOS_DEPLOYMENT_TARGET = 15.2;
				MTL_ENABLE_DEBUG_INFO = INCLUDE_SOURCE;
				MTL_FAST_MATH = YES;
				ONLY_ACTIVE_ARCH = YES;
				SDKROOT = iphoneos;
				SWIFT_ACTIVE_COMPILATION_CONDITIONS = DEBUG;
				SWIFT_OPTIMIZATION_LEVEL = "-Onone";
			};
			name = Debug;
		};
		D9A82DED2783B66E00BC6EE3 /* Release */ = {
			isa = XCBuildConfiguration;
			buildSettings = {
				ALWAYS_SEARCH_USER_PATHS = NO;
				CLANG_ANALYZER_NONNULL = YES;
				CLANG_ANALYZER_NUMBER_OBJECT_CONVERSION = YES_AGGRESSIVE;
				CLANG_CXX_LANGUAGE_STANDARD = "gnu++17";
				CLANG_CXX_LIBRARY = "libc++";
				CLANG_ENABLE_MODULES = YES;
				CLANG_ENABLE_OBJC_ARC = YES;
				CLANG_ENABLE_OBJC_WEAK = YES;
				CLANG_WARN_BLOCK_CAPTURE_AUTORELEASING = YES;
				CLANG_WARN_BOOL_CONVERSION = YES;
				CLANG_WARN_COMMA = YES;
				CLANG_WARN_CONSTANT_CONVERSION = YES;
				CLANG_WARN_DEPRECATED_OBJC_IMPLEMENTATIONS = YES;
				CLANG_WARN_DIRECT_OBJC_ISA_USAGE = YES_ERROR;
				CLANG_WARN_DOCUMENTATION_COMMENTS = YES;
				CLANG_WARN_EMPTY_BODY = YES;
				CLANG_WARN_ENUM_CONVERSION = YES;
				CLANG_WARN_INFINITE_RECURSION = YES;
				CLANG_WARN_INT_CONVERSION = YES;
				CLANG_WARN_NON_LITERAL_NULL_CONVERSION = YES;
				CLANG_WARN_OBJC_IMPLICIT_RETAIN_SELF = YES;
				CLANG_WARN_OBJC_LITERAL_CONVERSION = YES;
				CLANG_WARN_OBJC_ROOT_CLASS = YES_ERROR;
				CLANG_WARN_QUOTED_INCLUDE_IN_FRAMEWORK_HEADER = YES;
				CLANG_WARN_RANGE_LOOP_ANALYSIS = YES;
				CLANG_WARN_STRICT_PROTOTYPES = YES;
				CLANG_WARN_SUSPICIOUS_MOVE = YES;
				CLANG_WARN_UNGUARDED_AVAILABILITY = YES_AGGRESSIVE;
				CLANG_WARN_UNREACHABLE_CODE = YES;
				CLANG_WARN__DUPLICATE_METHOD_MATCH = YES;
				COPY_PHASE_STRIP = NO;
				DEBUG_INFORMATION_FORMAT = "dwarf-with-dsym";
				ENABLE_NS_ASSERTIONS = NO;
				ENABLE_STRICT_OBJC_MSGSEND = YES;
				GCC_C_LANGUAGE_STANDARD = gnu11;
				GCC_NO_COMMON_BLOCKS = YES;
				GCC_WARN_64_TO_32_BIT_CONVERSION = YES;
				GCC_WARN_ABOUT_RETURN_TYPE = YES_ERROR;
				GCC_WARN_UNDECLARED_SELECTOR = YES;
				GCC_WARN_UNINITIALIZED_AUTOS = YES_AGGRESSIVE;
				GCC_WARN_UNUSED_FUNCTION = YES;
				GCC_WARN_UNUSED_VARIABLE = YES;
				IPHONEOS_DEPLOYMENT_TARGET = 15.2;
				MTL_ENABLE_DEBUG_INFO = NO;
				MTL_FAST_MATH = YES;
				SDKROOT = iphoneos;
				SWIFT_COMPILATION_MODE = wholemodule;
				SWIFT_OPTIMIZATION_LEVEL = "-O";
				VALIDATE_PRODUCT = YES;
			};
			name = Release;
		};
		D9A82DEF2783B66E00BC6EE3 /* Debug */ = {
			isa = XCBuildConfiguration;
			buildSettings = {
				ASSETCATALOG_COMPILER_APPICON_NAME = AppIcon;
				ASSETCATALOG_COMPILER_GLOBAL_ACCENT_COLOR_NAME = AccentColor;
				CODE_SIGN_STYLE = Automatic;
				CURRENT_PROJECT_VERSION = 1;
				DEVELOPMENT_ASSET_PATHS = "\"iExpense/Preview Content\"";
				ENABLE_PREVIEWS = YES;
				GENERATE_INFOPLIST_FILE = YES;
				INFOPLIST_KEY_UIApplicationSceneManifest_Generation = YES;
				INFOPLIST_KEY_UIApplicationSupportsIndirectInputEvents = YES;
				INFOPLIST_KEY_UILaunchScreen_Generation = YES;
				INFOPLIST_KEY_UISupportedInterfaceOrientations_iPad = "UIInterfaceOrientationPortrait UIInterfaceOrientationPortraitUpsideDown UIInterfaceOrientationLandscapeLeft UIInterfaceOrientationLandscapeRight";
				INFOPLIST_KEY_UISupportedInterfaceOrientations_iPhone = "UIInterfaceOrientationPortrait UIInterfaceOrientationLandscapeLeft UIInterfaceOrientationLandscapeRight";
				LD_RUNPATH_SEARCH_PATHS = (
					"$(inherited)",
					"@executable_path/Frameworks",
				);
				MARKETING_VERSION = 1.0;
				PRODUCT_BUNDLE_IDENTIFIER = com.suyash.iExpense;
				PRODUCT_NAME = "$(TARGET_NAME)";
				SWIFT_EMIT_LOC_STRINGS = YES;
				SWIFT_VERSION = 5.0;
				TARGETED_DEVICE_FAMILY = "1,2";
			};
			name = Debug;
		};
		D9A82DF02783B66E00BC6EE3 /* Release */ = {
			isa = XCBuildConfiguration;
			buildSettings = {
				ASSETCATALOG_COMPILER_APPICON_NAME = AppIcon;
				ASSETCATALOG_COMPILER_GLOBAL_ACCENT_COLOR_NAME = AccentColor;
				CODE_SIGN_STYLE = Automatic;
				CURRENT_PROJECT_VERSION = 1;
				DEVELOPMENT_ASSET_PATHS = "\"iExpense/Preview Content\"";
				ENABLE_PREVIEWS = YES;
				GENERATE_INFOPLIST_FILE = YES;
				INFOPLIST_KEY_UIApplicationSceneManifest_Generation = YES;
				INFOPLIST_KEY_UIApplicationSupportsIndirectInputEvents = YES;
				INFOPLIST_KEY_UILaunchScreen_Generation = YES;
				INFOPLIST_KEY_UISupportedInterfaceOrientations_iPad = "UIInterfaceOrientationPortrait UIInterfaceOrientationPortraitUpsideDown UIInterfaceOrientationLandscapeLeft UIInterfaceOrientationLandscapeRight";
				INFOPLIST_KEY_UISupportedInterfaceOrientations_iPhone = "UIInterfaceOrientationPortrait UIInterfaceOrientationLandscapeLeft UIInterfaceOrientationLandscapeRight";
				LD_RUNPATH_SEARCH_PATHS = (
					"$(inherited)",
					"@executable_path/Frameworks",
				);
				MARKETING_VERSION = 1.0;
				PRODUCT_BUNDLE_IDENTIFIER = com.suyash.iExpense;
				PRODUCT_NAME = "$(TARGET_NAME)";
				SWIFT_EMIT_LOC_STRINGS = YES;
				SWIFT_VERSION = 5.0;
				TARGETED_DEVICE_FAMILY = "1,2";
			};
			name = Release;
		};
		D9A82DF22783B66E00BC6EE3 /* Debug */ = {
			isa = XCBuildConfiguration;
			buildSettings = {
				ALWAYS_EMBED_SWIFT_STANDARD_LIBRARIES = YES;
				BUNDLE_LOADER = "$(TEST_HOST)";
				CODE_SIGN_STYLE = Automatic;
				CURRENT_PROJECT_VERSION = 1;
				GENERATE_INFOPLIST_FILE = YES;
				IPHONEOS_DEPLOYMENT_TARGET = 15.2;
				MARKETING_VERSION = 1.0;
				PRODUCT_BUNDLE_IDENTIFIER = com.suyash.iExpenseTests;
				PRODUCT_NAME = "$(TARGET_NAME)";
				SWIFT_EMIT_LOC_STRINGS = NO;
				SWIFT_VERSION = 5.0;
				TARGETED_DEVICE_FAMILY = "1,2";
				TEST_HOST = "$(BUILT_PRODUCTS_DIR)/iExpense.app/iExpense";
			};
			name = Debug;
		};
		D9A82DF32783B66E00BC6EE3 /* Release */ = {
			isa = XCBuildConfiguration;
			buildSettings = {
				ALWAYS_EMBED_SWIFT_STANDARD_LIBRARIES = YES;
				BUNDLE_LOADER = "$(TEST_HOST)";
				CODE_SIGN_STYLE = Automatic;
				CURRENT_PROJECT_VERSION = 1;
				GENERATE_INFOPLIST_FILE = YES;
				IPHONEOS_DEPLOYMENT_TARGET = 15.2;
				MARKETING_VERSION = 1.0;
				PRODUCT_BUNDLE_IDENTIFIER = com.suyash.iExpenseTests;
				PRODUCT_NAME = "$(TARGET_NAME)";
				SWIFT_EMIT_LOC_STRINGS = NO;
				SWIFT_VERSION = 5.0;
				TARGETED_DEVICE_FAMILY = "1,2";
				TEST_HOST = "$(BUILT_PRODUCTS_DIR)/iExpense.app/iExpense";
			};
			name = Release;
		};
		D9A82DF52783B66E00BC6EE3 /* Debug */ = {
			isa = XCBuildConfiguration;
			buildSettings = {
				ALWAYS_EMBED_SWIFT_STANDARD_LIBRARIES = YES;
				CODE_SIGN_STYLE = Automatic;
				CURRENT_PROJECT_VERSION = 1;
				GENERATE_INFOPLIST_FILE = YES;
				MARKETING_VERSION = 1.0;
				PRODUCT_BUNDLE_IDENTIFIER = com.suyash.iExpenseUITests;
				PRODUCT_NAME = "$(TARGET_NAME)";
				SWIFT_EMIT_LOC_STRINGS = NO;
				SWIFT_VERSION = 5.0;
				TARGETED_DEVICE_FAMILY = "1,2";
				TEST_TARGET_NAME = iExpense;
			};
			name = Debug;
		};
		D9A82DF62783B66E00BC6EE3 /* Release */ = {
			isa = XCBuildConfiguration;
			buildSettings = {
				ALWAYS_EMBED_SWIFT_STANDARD_LIBRARIES = YES;
				CODE_SIGN_STYLE = Automatic;
				CURRENT_PROJECT_VERSION = 1;
				GENERATE_INFOPLIST_FILE = YES;
				MARKETING_VERSION = 1.0;
				PRODUCT_BUNDLE_IDENTIFIER = com.suyash.iExpenseUITests;
				PRODUCT_NAME = "$(TARGET_NAME)";
				SWIFT_EMIT_LOC_STRINGS = NO;
				SWIFT_VERSION = 5.0;
				TARGETED_DEVICE_FAMILY = "1,2";
				TEST_TARGET_NAME = iExpense;
			};
			name = Release;
		};
/* End XCBuildConfiguration section */

/* Begin XCConfigurationList section */
		D9A82DC52783B66C00BC6EE3 /* Build configuration list for PBXProject "iExpense" */ = {
			isa = XCConfigurationList;
			buildConfigurations = (
				D9A82DEC2783B66E00BC6EE3 /* Debug */,
				D9A82DED2783B66E00BC6EE3 /* Release */,
			);
			defaultConfigurationIsVisible = 0;
			defaultConfigurationName = Release;
		};
		D9A82DEE2783B66E00BC6EE3 /* Build configuration list for PBXNativeTarget "iExpense" */ = {
			isa = XCConfigurationList;
			buildConfigurations = (
				D9A82DEF2783B66E00BC6EE3 /* Debug */,
				D9A82DF02783B66E00BC6EE3 /* Release */,
			);
			defaultConfigurationIsVisible = 0;
			defaultConfigurationName = Release;
		};
		D9A82DF12783B66E00BC6EE3 /* Build configuration list for PBXNativeTarget "iExpenseTests" */ = {
			isa = XCConfigurationList;
			buildConfigurations = (
				D9A82DF22783B66E00BC6EE3 /* Debug */,
				D9A82DF32783B66E00BC6EE3 /* Release */,
			);
			defaultConfigurationIsVisible = 0;
			defaultConfigurationName = Release;
		};
		D9A82DF42783B66E00BC6EE3 /* Build configuration list for PBXNativeTarget "iExpenseUITests" */ = {
			isa = XCConfigurationList;
			buildConfigurations = (
				D9A82DF52783B66E00BC6EE3 /* Debug */,
				D9A82DF62783B66E00BC6EE3 /* Release */,
			);
			defaultConfigurationIsVisible = 0;
			defaultConfigurationName = Release;
		};
/* End XCConfigurationList section */
	};
	rootObject = D9A82DC22783B66C00BC6EE3 /* Project object */;
}
